
Microsoft Visual Studio Solution File, Format Version 12.00
# Visual Studio Version 17
VisualStudioVersion = 17.5.002.0
MinimumVisualStudioVersion = 10.0.40219.1
Project("{9A19103F-16F7-4668-BE54-9A1E7A4F7556}") = "SchedulerModels", "SchedulerModels.csproj", "{B250AE5B-7D83-4252-B37D-C79E972F6B18}"
EndProject
Global
	GlobalSection(SolutionConfigurationPlatforms) = preSolution
		Debug|Any CPU = Debug|Any CPU
		Release|Any CPU = Release|Any CPU
	EndGlobalSection
	GlobalSection(ProjectConfigurationPlatforms) = postSolution
		{B250AE5B-7D83-4252-B37D-C79E972F6B18}.Debug|Any CPU.ActiveCfg = Debug|Any CPU
		{B250AE5B-7D83-4252-B37D-C79E972F6B18}.Debug|Any CPU.Build.0 = Debug|Any CPU
		{B250AE5B-7D83-4252-B37D-C79E972F6B18}.Release|Any CPU.ActiveCfg = Release|Any CPU
		{B250AE5B-7D83-4252-B37D-C79E972F6B18}.Release|Any CPU.Build.0 = Release|Any CPU
	EndGlobalSection
	GlobalSection(SolutionProperties) = preSolution
		HideSolutionNode = FALSE
	EndGlobalSection
	GlobalSection(ExtensibilityGlobals) = postSolution
		SolutionGuid = {4E71D30B-0008-458D-8DFC-0009CDBE0BB4}
	EndGlobalSection
EndGlobal
